
Microsoft Visual Studio Solution File, Format Version 12.00
# Visual Studio 15
VisualStudioVersion = 15.0.28010.2036
MinimumVisualStudioVersion = 10.0.40219.1
Project("{FAE04EC0-301F-11D3-BF4B-00C04F79EFBC}") = "ConsoleUserInteractionHelper", "ConsoleUserInteractionHelper\ConsoleUserInteractionHelper.csproj", "{93CF32E3-A736-426F-83FB-B69CD6ADD204}"
EndProject
Global
	GlobalSection(SolutionConfigurationPlatforms) = preSolution
		Debug|Any CPU = Debug|Any CPU
		Release|Any CPU = Release|Any CPU
	EndGlobalSection
	GlobalSection(ProjectConfigurationPlatforms) = postSolution
		{93CF32E3-A736-426F-83FB-B69CD6ADD204}.Debug|Any CPU.ActiveCfg = Debug|Any CPU
		{93CF32E3-A736-426F-83FB-B69CD6ADD204}.Debug|Any CPU.Build.0 = Debug|Any CPU
		{93CF32E3-A736-426F-83FB-B69CD6ADD204}.Release|Any CPU.ActiveCfg = Release|Any CPU
		{93CF32E3-A736-426F-83FB-B69CD6ADD204}.Release|Any CPU.Build.0 = Release|Any CPU
	EndGlobalSection
	GlobalSection(SolutionProperties) = preSolution
		HideSolutionNode = FALSE
	EndGlobalSection
	GlobalSection(ExtensibilityGlobals) = postSolution
		SolutionGuid = {4A33725C-C23C-455C-8987-56A8C2A2F55D}
	EndGlobalSection
EndGlobal
