
Microsoft Visual Studio Solution File, Format Version 12.00
# Visual Studio Version 17
VisualStudioVersion = 17.11.35222.181
MinimumVisualStudioVersion = 10.0.40219.1
Project("{9A19103F-16F7-4668-BE54-9A1E7A4F7556}") = "ConsoleUserInteractionHelper", "ConsoleUserInteractionHelper\ConsoleUserInteractionHelper.csproj", "{93CF32E3-A736-426F-83FB-B69CD6ADD204}"
EndProject
Project("{9A19103F-16F7-4668-BE54-9A1E7A4F7556}") = "ConsoleUserInteractionHelper.TestHarness", "ConsoleUserInteractionHelper.TestHarness\ConsoleUserInteractionHelper.TestHarness.csproj", "{2FD2EE6E-0E72-494A-8E76-A5EA53DF022A}"
EndProject
Project("{9A19103F-16F7-4668-BE54-9A1E7A4F7556}") = "ConsoleUserInteractionHelper.TestHarness.PromptTest", "ConsoleUserInteractionHelper.TestHarness.PromptTest\ConsoleUserInteractionHelper.TestHarness.PromptTest.csproj", "{3F510AB6-294D-4D15-AA3E-FAE8A9E6473D}"
EndProject
Project("{FAE04EC0-301F-11D3-BF4B-00C04F79EFBC}") = "ConsoleUserInteractionHelper.Tests", "ConsoleUserInteractionHelper.Tests\ConsoleUserInteractionHelper.Tests.csproj", "{6AAC859B-0C10-4A13-9698-16180B5BE575}"
EndProject
Global
	GlobalSection(SolutionConfigurationPlatforms) = preSolution
		Debug|Any CPU = Debug|Any CPU
		Release|Any CPU = Release|Any CPU
	EndGlobalSection
	GlobalSection(ProjectConfigurationPlatforms) = postSolution
		{93CF32E3-A736-426F-83FB-B69CD6ADD204}.Debug|Any CPU.ActiveCfg = Debug|Any CPU
		{93CF32E3-A736-426F-83FB-B69CD6ADD204}.Debug|Any CPU.Build.0 = Debug|Any CPU
		{93CF32E3-A736-426F-83FB-B69CD6ADD204}.Release|Any CPU.ActiveCfg = Release|Any CPU
		{93CF32E3-A736-426F-83FB-B69CD6ADD204}.Release|Any CPU.Build.0 = Release|Any CPU
		{2FD2EE6E-0E72-494A-8E76-A5EA53DF022A}.Debug|Any CPU.ActiveCfg = Debug|Any CPU
		{2FD2EE6E-0E72-494A-8E76-A5EA53DF022A}.Debug|Any CPU.Build.0 = Debug|Any CPU
		{2FD2EE6E-0E72-494A-8E76-A5EA53DF022A}.Release|Any CPU.ActiveCfg = Release|Any CPU
		{2FD2EE6E-0E72-494A-8E76-A5EA53DF022A}.Release|Any CPU.Build.0 = Release|Any CPU
		{3F510AB6-294D-4D15-AA3E-FAE8A9E6473D}.Debug|Any CPU.ActiveCfg = Debug|Any CPU
		{3F510AB6-294D-4D15-AA3E-FAE8A9E6473D}.Debug|Any CPU.Build.0 = Debug|Any CPU
		{3F510AB6-294D-4D15-AA3E-FAE8A9E6473D}.Release|Any CPU.ActiveCfg = Release|Any CPU
		{3F510AB6-294D-4D15-AA3E-FAE8A9E6473D}.Release|Any CPU.Build.0 = Release|Any CPU
		{6AAC859B-0C10-4A13-9698-16180B5BE575}.Debug|Any CPU.ActiveCfg = Debug|Any CPU
		{6AAC859B-0C10-4A13-9698-16180B5BE575}.Debug|Any CPU.Build.0 = Debug|Any CPU
		{6AAC859B-0C10-4A13-9698-16180B5BE575}.Release|Any CPU.ActiveCfg = Release|Any CPU
		{6AAC859B-0C10-4A13-9698-16180B5BE575}.Release|Any CPU.Build.0 = Release|Any CPU
	EndGlobalSection
	GlobalSection(SolutionProperties) = preSolution
		HideSolutionNode = FALSE
	EndGlobalSection
	GlobalSection(ExtensibilityGlobals) = postSolution
		SolutionGuid = {4A33725C-C23C-455C-8987-56A8C2A2F55D}
	EndGlobalSection
EndGlobal
